// !$*UTF8*$!
{
	archiveVersion = 1;
	classes = {
	};
	objectVersion = 56;
	objects = {

/* Begin PBXBuildFile section */
		02140BE42B2EA1F1001468F9 /* HotelViewController.swift in Sources */ = {isa = PBXBuildFile; fileRef = 02140BE32B2EA1F1001468F9 /* HotelViewController.swift */; };
		02140BE62B2EA1FE001468F9 /* RoomViewController.swift in Sources */ = {isa = PBXBuildFile; fileRef = 02140BE52B2EA1FE001468F9 /* RoomViewController.swift */; };
		02140BE82B2EA25D001468F9 /* BookViewController.swift in Sources */ = {isa = PBXBuildFile; fileRef = 02140BE72B2EA25D001468F9 /* BookViewController.swift */; };
		02140BEA2B2EA2B2001468F9 /* PaidViewController.swift in Sources */ = {isa = PBXBuildFile; fileRef = 02140BE92B2EA2B2001468F9 /* PaidViewController.swift */; };
		02140BEC2B2EA4B9001468F9 /* BaseViewController.swift in Sources */ = {isa = PBXBuildFile; fileRef = 02140BEB2B2EA4B9001468F9 /* BaseViewController.swift */; };
		024B7F702B3086ED00A90D14 /* PhoneTextField.swift in Sources */ = {isa = PBXBuildFile; fileRef = 024B7F6F2B3086ED00A90D14 /* PhoneTextField.swift */; };
		025E4BDC2B2D3B40005CA675 /* AppDelegate.swift in Sources */ = {isa = PBXBuildFile; fileRef = 025E4BDB2B2D3B40005CA675 /* AppDelegate.swift */; };
		025E4BE52B2D3B41005CA675 /* Assets.xcassets in Resources */ = {isa = PBXBuildFile; fileRef = 025E4BE42B2D3B41005CA675 /* Assets.xcassets */; };
		025E4BE82B2D3B41005CA675 /* LaunchScreen.storyboard in Resources */ = {isa = PBXBuildFile; fileRef = 025E4BE62B2D3B41005CA675 /* LaunchScreen.storyboard */; };
		028C145C2B30220B00D93C63 /* BaseCoordinator.swift in Sources */ = {isa = PBXBuildFile; fileRef = 028C145B2B30220B00D93C63 /* BaseCoordinator.swift */; };
		028C145E2B30229600D93C63 /* Router.swift in Sources */ = {isa = PBXBuildFile; fileRef = 028C145D2B30229600D93C63 /* Router.swift */; };
		028C14602B3022D400D93C63 /* AppCoordinator.swift in Sources */ = {isa = PBXBuildFile; fileRef = 028C145F2B3022D400D93C63 /* AppCoordinator.swift */; };
		028C14622B30275700D93C63 /* UIViewController+Extension.swift in Sources */ = {isa = PBXBuildFile; fileRef = 028C14612B30275700D93C63 /* UIViewController+Extension.swift */; };
		028C14652B3029DC00D93C63 /* AppFont.swift in Sources */ = {isa = PBXBuildFile; fileRef = 028C14642B3029DC00D93C63 /* AppFont.swift */; };
		028C14672B3029F300D93C63 /* AppImage.swift in Sources */ = {isa = PBXBuildFile; fileRef = 028C14662B3029F300D93C63 /* AppImage.swift */; };
		028C14692B3029FB00D93C63 /* AppColor.swift in Sources */ = {isa = PBXBuildFile; fileRef = 028C14682B3029FB00D93C63 /* AppColor.swift */; };
		028C14702B302A5A00D93C63 /* HotelView.swift in Sources */ = {isa = PBXBuildFile; fileRef = 028C146B2B302A5A00D93C63 /* HotelView.swift */; };
		028C14712B302A5A00D93C63 /* DotsView.swift in Sources */ = {isa = PBXBuildFile; fileRef = 028C146C2B302A5A00D93C63 /* DotsView.swift */; };
		028C14722B302A5A00D93C63 /* PhotoGalleryView.swift in Sources */ = {isa = PBXBuildFile; fileRef = 028C146D2B302A5A00D93C63 /* PhotoGalleryView.swift */; };
		028C14732B302A5A00D93C63 /* HotelFeaturesList.swift in Sources */ = {isa = PBXBuildFile; fileRef = 028C146E2B302A5A00D93C63 /* HotelFeaturesList.swift */; };
		028C14742B302A5A00D93C63 /* TagsView.swift in Sources */ = {isa = PBXBuildFile; fileRef = 028C146F2B302A5A00D93C63 /* TagsView.swift */; };
		028C147B2B305B6D00D93C63 /* BaseTableViewController.swift in Sources */ = {isa = PBXBuildFile; fileRef = 028C147A2B305B6D00D93C63 /* BaseTableViewController.swift */; };
		028C147D2B305F1600D93C63 /* PaidView.swift in Sources */ = {isa = PBXBuildFile; fileRef = 028C147C2B305F1600D93C63 /* PaidView.swift */; };
		028C147F2B30600D00D93C63 /* BookView.swift in Sources */ = {isa = PBXBuildFile; fileRef = 028C147E2B30600D00D93C63 /* BookView.swift */; };
		028C14812B30604300D93C63 /* RoomView.swift in Sources */ = {isa = PBXBuildFile; fileRef = 028C14802B30604300D93C63 /* RoomView.swift */; };
		029EE19B2B310F4E004CBAE2 /* BookInfoView.swift in Sources */ = {isa = PBXBuildFile; fileRef = 029EE19A2B310F4E004CBAE2 /* BookInfoView.swift */; };
/* End PBXBuildFile section */

/* Begin PBXFileReference section */
		02140BE32B2EA1F1001468F9 /* HotelViewController.swift */ = {isa = PBXFileReference; lastKnownFileType = sourcecode.swift; path = HotelViewController.swift; sourceTree = "<group>"; };
		02140BE52B2EA1FE001468F9 /* RoomViewController.swift */ = {isa = PBXFileReference; lastKnownFileType = sourcecode.swift; path = RoomViewController.swift; sourceTree = "<group>"; };
		02140BE72B2EA25D001468F9 /* BookViewController.swift */ = {isa = PBXFileReference; lastKnownFileType = sourcecode.swift; path = BookViewController.swift; sourceTree = "<group>"; };
		02140BE92B2EA2B2001468F9 /* PaidViewController.swift */ = {isa = PBXFileReference; lastKnownFileType = sourcecode.swift; path = PaidViewController.swift; sourceTree = "<group>"; };
		02140BEB2B2EA4B9001468F9 /* BaseViewController.swift */ = {isa = PBXFileReference; lastKnownFileType = sourcecode.swift; path = BaseViewController.swift; sourceTree = "<group>"; };
		024B7F6F2B3086ED00A90D14 /* PhoneTextField.swift */ = {isa = PBXFileReference; lastKnownFileType = sourcecode.swift; path = PhoneTextField.swift; sourceTree = "<group>"; };
		025E4BD82B2D3B40005CA675 /* Hotels.app */ = {isa = PBXFileReference; explicitFileType = wrapper.application; includeInIndex = 0; path = Hotels.app; sourceTree = BUILT_PRODUCTS_DIR; };
		025E4BDB2B2D3B40005CA675 /* AppDelegate.swift */ = {isa = PBXFileReference; lastKnownFileType = sourcecode.swift; path = AppDelegate.swift; sourceTree = "<group>"; };
		025E4BE42B2D3B41005CA675 /* Assets.xcassets */ = {isa = PBXFileReference; lastKnownFileType = folder.assetcatalog; path = Assets.xcassets; sourceTree = "<group>"; };
		025E4BE72B2D3B41005CA675 /* Base */ = {isa = PBXFileReference; lastKnownFileType = file.storyboard; name = Base; path = Base.lproj/LaunchScreen.storyboard; sourceTree = "<group>"; };
		025E4BE92B2D3B41005CA675 /* Info.plist */ = {isa = PBXFileReference; lastKnownFileType = text.plist.xml; path = Info.plist; sourceTree = "<group>"; };
		028C145B2B30220B00D93C63 /* BaseCoordinator.swift */ = {isa = PBXFileReference; lastKnownFileType = sourcecode.swift; path = BaseCoordinator.swift; sourceTree = "<group>"; };
		028C145D2B30229600D93C63 /* Router.swift */ = {isa = PBXFileReference; lastKnownFileType = sourcecode.swift; path = Router.swift; sourceTree = "<group>"; };
		028C145F2B3022D400D93C63 /* AppCoordinator.swift */ = {isa = PBXFileReference; lastKnownFileType = sourcecode.swift; path = AppCoordinator.swift; sourceTree = "<group>"; };
		028C14612B30275700D93C63 /* UIViewController+Extension.swift */ = {isa = PBXFileReference; lastKnownFileType = sourcecode.swift; path = "UIViewController+Extension.swift"; sourceTree = "<group>"; };
		028C14642B3029DC00D93C63 /* AppFont.swift */ = {isa = PBXFileReference; fileEncoding = 4; lastKnownFileType = sourcecode.swift; path = AppFont.swift; sourceTree = "<group>"; };
		028C14662B3029F300D93C63 /* AppImage.swift */ = {isa = PBXFileReference; fileEncoding = 4; lastKnownFileType = sourcecode.swift; path = AppImage.swift; sourceTree = "<group>"; };
		028C14682B3029FB00D93C63 /* AppColor.swift */ = {isa = PBXFileReference; fileEncoding = 4; lastKnownFileType = sourcecode.swift; path = AppColor.swift; sourceTree = "<group>"; };
		028C146B2B302A5A00D93C63 /* HotelView.swift */ = {isa = PBXFileReference; fileEncoding = 4; lastKnownFileType = sourcecode.swift; path = HotelView.swift; sourceTree = "<group>"; };
		028C146C2B302A5A00D93C63 /* DotsView.swift */ = {isa = PBXFileReference; fileEncoding = 4; lastKnownFileType = sourcecode.swift; path = DotsView.swift; sourceTree = "<group>"; };
		028C146D2B302A5A00D93C63 /* PhotoGalleryView.swift */ = {isa = PBXFileReference; fileEncoding = 4; lastKnownFileType = sourcecode.swift; path = PhotoGalleryView.swift; sourceTree = "<group>"; };
		028C146E2B302A5A00D93C63 /* HotelFeaturesList.swift */ = {isa = PBXFileReference; fileEncoding = 4; lastKnownFileType = sourcecode.swift; path = HotelFeaturesList.swift; sourceTree = "<group>"; };
		028C146F2B302A5A00D93C63 /* TagsView.swift */ = {isa = PBXFileReference; fileEncoding = 4; lastKnownFileType = sourcecode.swift; path = TagsView.swift; sourceTree = "<group>"; };
		028C147A2B305B6D00D93C63 /* BaseTableViewController.swift */ = {isa = PBXFileReference; lastKnownFileType = sourcecode.swift; path = BaseTableViewController.swift; sourceTree = "<group>"; };
		028C147C2B305F1600D93C63 /* PaidView.swift */ = {isa = PBXFileReference; lastKnownFileType = sourcecode.swift; path = PaidView.swift; sourceTree = "<group>"; };
		028C147E2B30600D00D93C63 /* BookView.swift */ = {isa = PBXFileReference; lastKnownFileType = sourcecode.swift; path = BookView.swift; sourceTree = "<group>"; };
		028C14802B30604300D93C63 /* RoomView.swift */ = {isa = PBXFileReference; lastKnownFileType = sourcecode.swift; path = RoomView.swift; sourceTree = "<group>"; };
		029EE19A2B310F4E004CBAE2 /* BookInfoView.swift */ = {isa = PBXFileReference; lastKnownFileType = sourcecode.swift; path = BookInfoView.swift; sourceTree = "<group>"; };
/* End PBXFileReference section */

/* Begin PBXFrameworksBuildPhase section */
		025E4BD52B2D3B40005CA675 /* Frameworks */ = {
			isa = PBXFrameworksBuildPhase;
			buildActionMask = 2147483647;
			files = (
			);
			runOnlyForDeploymentPostprocessing = 0;
		};
/* End PBXFrameworksBuildPhase section */

/* Begin PBXGroup section */
		025E4BCF2B2D3B40005CA675 = {
			isa = PBXGroup;
			children = (
				025E4BDA2B2D3B40005CA675 /* Hotels */,
				025E4BD92B2D3B40005CA675 /* Products */,
			);
			sourceTree = "<group>";
		};
		025E4BD92B2D3B40005CA675 /* Products */ = {
			isa = PBXGroup;
			children = (
				025E4BD82B2D3B40005CA675 /* Hotels.app */,
			);
			name = Products;
			sourceTree = "<group>";
		};
		025E4BDA2B2D3B40005CA675 /* Hotels */ = {
			isa = PBXGroup;
			children = (
				025E4C0F2B2D4BEA005CA675 /* App */,
				028C14592B30204700D93C63 /* Core */,
				025E4C0E2B2D4BD7005CA675 /* Support */,
				025E4C3F2B2D55F9005CA675 /* Modules */,
				028C14612B30275700D93C63 /* UIViewController+Extension.swift */,
				028C14642B3029DC00D93C63 /* AppFont.swift */,
				028C14662B3029F300D93C63 /* AppImage.swift */,
				028C14682B3029FB00D93C63 /* AppColor.swift */,
			);
			path = Hotels;
			sourceTree = "<group>";
		};
		025E4C0E2B2D4BD7005CA675 /* Support */ = {
			isa = PBXGroup;
			children = (
				025E4BE42B2D3B41005CA675 /* Assets.xcassets */,
				025E4BE62B2D3B41005CA675 /* LaunchScreen.storyboard */,
				025E4BE92B2D3B41005CA675 /* Info.plist */,
			);
			name = Support;
			sourceTree = "<group>";
		};
		025E4C0F2B2D4BEA005CA675 /* App */ = {
			isa = PBXGroup;
			children = (
				025E4BDB2B2D3B40005CA675 /* AppDelegate.swift */,
				028C145F2B3022D400D93C63 /* AppCoordinator.swift */,
			);
			path = App;
			sourceTree = "<group>";
		};
		025E4C3F2B2D55F9005CA675 /* Modules */ = {
			isa = PBXGroup;
			children = (
				028C14632B30292E00D93C63 /* Hotel */,
				028C14752B30538600D93C63 /* Room */,
				028C14762B3057F900D93C63 /* Book */,
				028C14772B3058DD00D93C63 /* Paid */,
			);
			path = Modules;
			sourceTree = "<group>";
		};
		028C14592B30204700D93C63 /* Core */ = {
			isa = PBXGroup;
			children = (
				02140BEB2B2EA4B9001468F9 /* BaseViewController.swift */,
				028C147A2B305B6D00D93C63 /* BaseTableViewController.swift */,
				028C145B2B30220B00D93C63 /* BaseCoordinator.swift */,
				028C145D2B30229600D93C63 /* Router.swift */,
			);
			path = Core;
			sourceTree = "<group>";
		};
		028C14632B30292E00D93C63 /* Hotel */ = {
			isa = PBXGroup;
			children = (
				028C146A2B302A5A00D93C63 /* Views */,
				02140BE32B2EA1F1001468F9 /* HotelViewController.swift */,
			);
			path = Hotel;
			sourceTree = "<group>";
		};
		028C146A2B302A5A00D93C63 /* Views */ = {
			isa = PBXGroup;
			children = (
				028C146B2B302A5A00D93C63 /* HotelView.swift */,
				028C146C2B302A5A00D93C63 /* DotsView.swift */,
				028C146D2B302A5A00D93C63 /* PhotoGalleryView.swift */,
				028C146E2B302A5A00D93C63 /* HotelFeaturesList.swift */,
				028C146F2B302A5A00D93C63 /* TagsView.swift */,
			);
			path = Views;
			sourceTree = "<group>";
		};
		028C14752B30538600D93C63 /* Room */ = {
			isa = PBXGroup;
			children = (
				02140BE52B2EA1FE001468F9 /* RoomViewController.swift */,
				028C14802B30604300D93C63 /* RoomView.swift */,
			);
			path = Room;
			sourceTree = "<group>";
		};
		028C14762B3057F900D93C63 /* Book */ = {
			isa = PBXGroup;
			children = (
				02140BE72B2EA25D001468F9 /* BookViewController.swift */,
				028C147E2B30600D00D93C63 /* BookView.swift */,
				029EE19A2B310F4E004CBAE2 /* BookInfoView.swift */,
				024B7F6F2B3086ED00A90D14 /* PhoneTextField.swift */,
			);
			path = Book;
			sourceTree = "<group>";
		};
		028C14772B3058DD00D93C63 /* Paid */ = {
			isa = PBXGroup;
			children = (
				02140BE92B2EA2B2001468F9 /* PaidViewController.swift */,
				028C147C2B305F1600D93C63 /* PaidView.swift */,
			);
			path = Paid;
			sourceTree = "<group>";
		};
/* End PBXGroup section */

/* Begin PBXNativeTarget section */
		025E4BD72B2D3B40005CA675 /* Hotels */ = {
			isa = PBXNativeTarget;
			buildConfigurationList = 025E4BEC2B2D3B41005CA675 /* Build configuration list for PBXNativeTarget "Hotels" */;
			buildPhases = (
				025E4BD42B2D3B40005CA675 /* Sources */,
				025E4BD52B2D3B40005CA675 /* Frameworks */,
				025E4BD62B2D3B40005CA675 /* Resources */,
			);
			buildRules = (
			);
			dependencies = (
			);
			name = Hotels;
			productName = Hotels;
			productReference = 025E4BD82B2D3B40005CA675 /* Hotels.app */;
			productType = "com.apple.product-type.application";
		};
/* End PBXNativeTarget section */

/* Begin PBXProject section */
		025E4BD02B2D3B40005CA675 /* Project object */ = {
			isa = PBXProject;
			attributes = {
				BuildIndependentTargetsInParallel = 1;
				LastSwiftUpdateCheck = 1510;
				LastUpgradeCheck = 1510;
				TargetAttributes = {
					025E4BD72B2D3B40005CA675 = {
						CreatedOnToolsVersion = 15.1;
					};
				};
			};
			buildConfigurationList = 025E4BD32B2D3B40005CA675 /* Build configuration list for PBXProject "Hotels" */;
			compatibilityVersion = "Xcode 14.0";
			developmentRegion = en;
			hasScannedForEncodings = 0;
			knownRegions = (
				en,
				Base,
			);
			mainGroup = 025E4BCF2B2D3B40005CA675;
			productRefGroup = 025E4BD92B2D3B40005CA675 /* Products */;
			projectDirPath = "";
			projectRoot = "";
			targets = (
				025E4BD72B2D3B40005CA675 /* Hotels */,
			);
		};
/* End PBXProject section */

/* Begin PBXResourcesBuildPhase section */
		025E4BD62B2D3B40005CA675 /* Resources */ = {
			isa = PBXResourcesBuildPhase;
			buildActionMask = 2147483647;
			files = (
				025E4BE82B2D3B41005CA675 /* LaunchScreen.storyboard in Resources */,
				025E4BE52B2D3B41005CA675 /* Assets.xcassets in Resources */,
			);
			runOnlyForDeploymentPostprocessing = 0;
		};
/* End PBXResourcesBuildPhase section */

/* Begin PBXSourcesBuildPhase section */
		025E4BD42B2D3B40005CA675 /* Sources */ = {
			isa = PBXSourcesBuildPhase;
			buildActionMask = 2147483647;
			files = (
				028C145E2B30229600D93C63 /* Router.swift in Sources */,
				028C14712B302A5A00D93C63 /* DotsView.swift in Sources */,
				025E4BDC2B2D3B40005CA675 /* AppDelegate.swift in Sources */,
				02140BE82B2EA25D001468F9 /* BookViewController.swift in Sources */,
				02140BE42B2EA1F1001468F9 /* HotelViewController.swift in Sources */,
				028C14652B3029DC00D93C63 /* AppFont.swift in Sources */,
				028C14722B302A5A00D93C63 /* PhotoGalleryView.swift in Sources */,
				028C14692B3029FB00D93C63 /* AppColor.swift in Sources */,
				024B7F702B3086ED00A90D14 /* PhoneTextField.swift in Sources */,
				028C147B2B305B6D00D93C63 /* BaseTableViewController.swift in Sources */,
				028C14672B3029F300D93C63 /* AppImage.swift in Sources */,
				02140BE62B2EA1FE001468F9 /* RoomViewController.swift in Sources */,
				028C145C2B30220B00D93C63 /* BaseCoordinator.swift in Sources */,
				028C147F2B30600D00D93C63 /* BookView.swift in Sources */,
				028C14602B3022D400D93C63 /* AppCoordinator.swift in Sources */,
				029EE19B2B310F4E004CBAE2 /* BookInfoView.swift in Sources */,
				02140BEC2B2EA4B9001468F9 /* BaseViewController.swift in Sources */,
				028C14702B302A5A00D93C63 /* HotelView.swift in Sources */,
				028C14622B30275700D93C63 /* UIViewController+Extension.swift in Sources */,
				02140BEA2B2EA2B2001468F9 /* PaidViewController.swift in Sources */,
				028C14732B302A5A00D93C63 /* HotelFeaturesList.swift in Sources */,
				028C14812B30604300D93C63 /* RoomView.swift in Sources */,
				028C147D2B305F1600D93C63 /* PaidView.swift in Sources */,
				028C14742B302A5A00D93C63 /* TagsView.swift in Sources */,
			);
			runOnlyForDeploymentPostprocessing = 0;
		};
/* End PBXSourcesBuildPhase section */

/* Begin PBXVariantGroup section */
		025E4BE62B2D3B41005CA675 /* LaunchScreen.storyboard */ = {
			isa = PBXVariantGroup;
			children = (
				025E4BE72B2D3B41005CA675 /* Base */,
			);
			name = LaunchScreen.storyboard;
			sourceTree = "<group>";
		};
/* End PBXVariantGroup section */

/* Begin XCBuildConfiguration section */
		025E4BEA2B2D3B41005CA675 /* Debug */ = {
			isa = XCBuildConfiguration;
			buildSettings = {
				ALWAYS_SEARCH_USER_PATHS = NO;
				ASSETCATALOG_COMPILER_GENERATE_SWIFT_ASSET_SYMBOL_EXTENSIONS = YES;
				CLANG_ANALYZER_NONNULL = YES;
				CLANG_ANALYZER_NUMBER_OBJECT_CONVERSION = YES_AGGRESSIVE;
				CLANG_CXX_LANGUAGE_STANDARD = "gnu++20";
				CLANG_ENABLE_MODULES = YES;
				CLANG_ENABLE_OBJC_ARC = YES;
				CLANG_ENABLE_OBJC_WEAK = YES;
				CLANG_WARN_BLOCK_CAPTURE_AUTORELEASING = YES;
				CLANG_WARN_BOOL_CONVERSION = YES;
				CLANG_WARN_COMMA = YES;
				CLANG_WARN_CONSTANT_CONVERSION = YES;
				CLANG_WARN_DEPRECATED_OBJC_IMPLEMENTATIONS = YES;
				CLANG_WARN_DIRECT_OBJC_ISA_USAGE = YES_ERROR;
				CLANG_WARN_DOCUMENTATION_COMMENTS = YES;
				CLANG_WARN_EMPTY_BODY = YES;
				CLANG_WARN_ENUM_CONVERSION = YES;
				CLANG_WARN_INFINITE_RECURSION = YES;
				CLANG_WARN_INT_CONVERSION = YES;
				CLANG_WARN_NON_LITERAL_NULL_CONVERSION = YES;
				CLANG_WARN_OBJC_IMPLICIT_RETAIN_SELF = YES;
				CLANG_WARN_OBJC_LITERAL_CONVERSION = YES;
				CLANG_WARN_OBJC_ROOT_CLASS = YES_ERROR;
				CLANG_WARN_QUOTED_INCLUDE_IN_FRAMEWORK_HEADER = YES;
				CLANG_WARN_RANGE_LOOP_ANALYSIS = YES;
				CLANG_WARN_STRICT_PROTOTYPES = YES;
				CLANG_WARN_SUSPICIOUS_MOVE = YES;
				CLANG_WARN_UNGUARDED_AVAILABILITY = YES_AGGRESSIVE;
				CLANG_WARN_UNREACHABLE_CODE = YES;
				CLANG_WARN__DUPLICATE_METHOD_MATCH = YES;
				COPY_PHASE_STRIP = NO;
				DEBUG_INFORMATION_FORMAT = dwarf;
				ENABLE_STRICT_OBJC_MSGSEND = YES;
				ENABLE_TESTABILITY = YES;
				ENABLE_USER_SCRIPT_SANDBOXING = YES;
				GCC_C_LANGUAGE_STANDARD = gnu17;
				GCC_DYNAMIC_NO_PIC = NO;
				GCC_NO_COMMON_BLOCKS = YES;
				GCC_OPTIMIZATION_LEVEL = 0;
				GCC_PREPROCESSOR_DEFINITIONS = (
					"DEBUG=1",
					"$(inherited)",
				);
				GCC_WARN_64_TO_32_BIT_CONVERSION = YES;
				GCC_WARN_ABOUT_RETURN_TYPE = YES_ERROR;
				GCC_WARN_UNDECLARED_SELECTOR = YES;
				GCC_WARN_UNINITIALIZED_AUTOS = YES_AGGRESSIVE;
				GCC_WARN_UNUSED_FUNCTION = YES;
				GCC_WARN_UNUSED_VARIABLE = YES;
				IPHONEOS_DEPLOYMENT_TARGET = 17.2;
				LOCALIZATION_PREFERS_STRING_CATALOGS = YES;
				MTL_ENABLE_DEBUG_INFO = INCLUDE_SOURCE;
				MTL_FAST_MATH = YES;
				ONLY_ACTIVE_ARCH = YES;
				SDKROOT = iphoneos;
				SWIFT_ACTIVE_COMPILATION_CONDITIONS = "DEBUG $(inherited)";
				SWIFT_OPTIMIZATION_LEVEL = "-Onone";
			};
			name = Debug;
		};
		025E4BEB2B2D3B41005CA675 /* Release */ = {
			isa = XCBuildConfiguration;
			buildSettings = {
				ALWAYS_SEARCH_USER_PATHS = NO;
				ASSETCATALOG_COMPILER_GENERATE_SWIFT_ASSET_SYMBOL_EXTENSIONS = YES;
				CLANG_ANALYZER_NONNULL = YES;
				CLANG_ANALYZER_NUMBER_OBJECT_CONVERSION = YES_AGGRESSIVE;
				CLANG_CXX_LANGUAGE_STANDARD = "gnu++20";
				CLANG_ENABLE_MODULES = YES;
				CLANG_ENABLE_OBJC_ARC = YES;
				CLANG_ENABLE_OBJC_WEAK = YES;
				CLANG_WARN_BLOCK_CAPTURE_AUTORELEASING = YES;
				CLANG_WARN_BOOL_CONVERSION = YES;
				CLANG_WARN_COMMA = YES;
				CLANG_WARN_CONSTANT_CONVERSION = YES;
				CLANG_WARN_DEPRECATED_OBJC_IMPLEMENTATIONS = YES;
				CLANG_WARN_DIRECT_OBJC_ISA_USAGE = YES_ERROR;
				CLANG_WARN_DOCUMENTATION_COMMENTS = YES;
				CLANG_WARN_EMPTY_BODY = YES;
				CLANG_WARN_ENUM_CONVERSION = YES;
				CLANG_WARN_INFINITE_RECURSION = YES;
				CLANG_WARN_INT_CONVERSION = YES;
				CLANG_WARN_NON_LITERAL_NULL_CONVERSION = YES;
				CLANG_WARN_OBJC_IMPLICIT_RETAIN_SELF = YES;
				CLANG_WARN_OBJC_LITERAL_CONVERSION = YES;
				CLANG_WARN_OBJC_ROOT_CLASS = YES_ERROR;
				CLANG_WARN_QUOTED_INCLUDE_IN_FRAMEWORK_HEADER = YES;
				CLANG_WARN_RANGE_LOOP_ANALYSIS = YES;
				CLANG_WARN_STRICT_PROTOTYPES = YES;
				CLANG_WARN_SUSPICIOUS_MOVE = YES;
				CLANG_WARN_UNGUARDED_AVAILABILITY = YES_AGGRESSIVE;
				CLANG_WARN_UNREACHABLE_CODE = YES;
				CLANG_WARN__DUPLICATE_METHOD_MATCH = YES;
				COPY_PHASE_STRIP = NO;
				DEBUG_INFORMATION_FORMAT = "dwarf-with-dsym";
				ENABLE_NS_ASSERTIONS = NO;
				ENABLE_STRICT_OBJC_MSGSEND = YES;
				ENABLE_USER_SCRIPT_SANDBOXING = YES;
				GCC_C_LANGUAGE_STANDARD = gnu17;
				GCC_NO_COMMON_BLOCKS = YES;
				GCC_WARN_64_TO_32_BIT_CONVERSION = YES;
				GCC_WARN_ABOUT_RETURN_TYPE = YES_ERROR;
				GCC_WARN_UNDECLARED_SELECTOR = YES;
				GCC_WARN_UNINITIALIZED_AUTOS = YES_AGGRESSIVE;
				GCC_WARN_UNUSED_FUNCTION = YES;
				GCC_WARN_UNUSED_VARIABLE = YES;
				IPHONEOS_DEPLOYMENT_TARGET = 17.2;
				LOCALIZATION_PREFERS_STRING_CATALOGS = YES;
				MTL_ENABLE_DEBUG_INFO = NO;
				MTL_FAST_MATH = YES;
				SDKROOT = iphoneos;
				SWIFT_COMPILATION_MODE = wholemodule;
				VALIDATE_PRODUCT = YES;
			};
			name = Release;
		};
		025E4BED2B2D3B41005CA675 /* Debug */ = {
			isa = XCBuildConfiguration;
			buildSettings = {
				ASSETCATALOG_COMPILER_APPICON_NAME = AppIcon;
				ASSETCATALOG_COMPILER_GLOBAL_ACCENT_COLOR_NAME = AccentColor;
				CODE_SIGN_STYLE = Automatic;
				CURRENT_PROJECT_VERSION = 1;
				DEVELOPMENT_TEAM = 723HTEFHBA;
				GENERATE_INFOPLIST_FILE = YES;
				INFOPLIST_FILE = Hotels/Info.plist;
				INFOPLIST_KEY_UIApplicationSupportsIndirectInputEvents = YES;
				INFOPLIST_KEY_UILaunchStoryboardName = LaunchScreen;
				INFOPLIST_KEY_UISupportedInterfaceOrientations_iPad = "UIInterfaceOrientationPortrait UIInterfaceOrientationPortraitUpsideDown UIInterfaceOrientationLandscapeLeft UIInterfaceOrientationLandscapeRight";
				INFOPLIST_KEY_UISupportedInterfaceOrientations_iPhone = "UIInterfaceOrientationPortrait UIInterfaceOrientationLandscapeLeft UIInterfaceOrientationLandscapeRight";
				LD_RUNPATH_SEARCH_PATHS = (
					"$(inherited)",
					"@executable_path/Frameworks",
				);
				MARKETING_VERSION = 1.0;
				PRODUCT_BUNDLE_IDENTIFIER = ru.fibeapp.Hotels;
				PRODUCT_NAME = "$(TARGET_NAME)";
				SWIFT_EMIT_LOC_STRINGS = YES;
				SWIFT_VERSION = 5.0;
				TARGETED_DEVICE_FAMILY = "1,2";
			};
			name = Debug;
		};
		025E4BEE2B2D3B41005CA675 /* Release */ = {
			isa = XCBuildConfiguration;
			buildSettings = {
				ASSETCATALOG_COMPILER_APPICON_NAME = AppIcon;
				ASSETCATALOG_COMPILER_GLOBAL_ACCENT_COLOR_NAME = AccentColor;
				CODE_SIGN_STYLE = Automatic;
				CURRENT_PROJECT_VERSION = 1;
				DEVELOPMENT_TEAM = 723HTEFHBA;
				GENERATE_INFOPLIST_FILE = YES;
				INFOPLIST_FILE = Hotels/Info.plist;
				INFOPLIST_KEY_UIApplicationSupportsIndirectInputEvents = YES;
				INFOPLIST_KEY_UILaunchStoryboardName = LaunchScreen;
				INFOPLIST_KEY_UISupportedInterfaceOrientations_iPad = "UIInterfaceOrientationPortrait UIInterfaceOrientationPortraitUpsideDown UIInterfaceOrientationLandscapeLeft UIInterfaceOrientationLandscapeRight";
				INFOPLIST_KEY_UISupportedInterfaceOrientations_iPhone = "UIInterfaceOrientationPortrait UIInterfaceOrientationLandscapeLeft UIInterfaceOrientationLandscapeRight";
				LD_RUNPATH_SEARCH_PATHS = (
					"$(inherited)",
					"@executable_path/Frameworks",
				);
				MARKETING_VERSION = 1.0;
				PRODUCT_BUNDLE_IDENTIFIER = ru.fibeapp.Hotels;
				PRODUCT_NAME = "$(TARGET_NAME)";
				SWIFT_EMIT_LOC_STRINGS = YES;
				SWIFT_VERSION = 5.0;
				TARGETED_DEVICE_FAMILY = "1,2";
			};
			name = Release;
		};
/* End XCBuildConfiguration section */

/* Begin XCConfigurationList section */
		025E4BD32B2D3B40005CA675 /* Build configuration list for PBXProject "Hotels" */ = {
			isa = XCConfigurationList;
			buildConfigurations = (
				025E4BEA2B2D3B41005CA675 /* Debug */,
				025E4BEB2B2D3B41005CA675 /* Release */,
			);
			defaultConfigurationIsVisible = 0;
			defaultConfigurationName = Release;
		};
		025E4BEC2B2D3B41005CA675 /* Build configuration list for PBXNativeTarget "Hotels" */ = {
			isa = XCConfigurationList;
			buildConfigurations = (
				025E4BED2B2D3B41005CA675 /* Debug */,
				025E4BEE2B2D3B41005CA675 /* Release */,
			);
			defaultConfigurationIsVisible = 0;
			defaultConfigurationName = Release;
		};
/* End XCConfigurationList section */
	};
	rootObject = 025E4BD02B2D3B40005CA675 /* Project object */;
}
